
Microsoft Visual Studio Solution File, Format Version 12.00
# Visual Studio Version 17
VisualStudioVersion = 17.2.32602.215
MinimumVisualStudioVersion = 10.0.40219.1
Project("{9A19103F-16F7-4668-BE54-9A1E7A4F7556}") = "NotifyR.Sample.Client", "NotifyR.Sample.Client\NotifyR.Sample.Client.csproj", "{E0ECA975-D7BC-44B9-A1FA-71B20BA58D37}"
EndProject
Project("{9A19103F-16F7-4668-BE54-9A1E7A4F7556}") = "NotifyR.Api", "NotifyR.Api\NotifyR.Api.csproj", "{F82C03B1-F568-454A-8206-8E5C906A632B}"
EndProject
Global
	GlobalSection(SolutionConfigurationPlatforms) = preSolution
		Debug|Any CPU = Debug|Any CPU
		Release|Any CPU = Release|Any CPU
	EndGlobalSection
	GlobalSection(ProjectConfigurationPlatforms) = postSolution
		{E0ECA975-D7BC-44B9-A1FA-71B20BA58D37}.Debug|Any CPU.ActiveCfg = Debug|Any CPU
		{E0ECA975-D7BC-44B9-A1FA-71B20BA58D37}.Debug|Any CPU.Build.0 = Debug|Any CPU
		{E0ECA975-D7BC-44B9-A1FA-71B20BA58D37}.Release|Any CPU.ActiveCfg = Release|Any CPU
		{E0ECA975-D7BC-44B9-A1FA-71B20BA58D37}.Release|Any CPU.Build.0 = Release|Any CPU
		{F82C03B1-F568-454A-8206-8E5C906A632B}.Debug|Any CPU.ActiveCfg = Debug|Any CPU
		{F82C03B1-F568-454A-8206-8E5C906A632B}.Debug|Any CPU.Build.0 = Debug|Any CPU
		{F82C03B1-F568-454A-8206-8E5C906A632B}.Release|Any CPU.ActiveCfg = Release|Any CPU
		{F82C03B1-F568-454A-8206-8E5C906A632B}.Release|Any CPU.Build.0 = Release|Any CPU
	EndGlobalSection
	GlobalSection(SolutionProperties) = preSolution
		HideSolutionNode = FALSE
	EndGlobalSection
	GlobalSection(ExtensibilityGlobals) = postSolution
		SolutionGuid = {D508F1F4-CB17-40B3-9C68-44D9C6ED13AF}
	EndGlobalSection
EndGlobal
